{
  "lockfile_version": "1",
  "packages": {
    "nodejs@latest": {
      "last_modified": "2024-06-18T11:39:17Z",
      "plugin_version": "0.0.2",
      "resolved": "github:NixOS/nixpkgs/56fc115880db6498245adecda277ccdb33025bc2#nodejs_22",
      "source": "devbox-search",
      "version": "22.3.0",
      "systems": {
        "aarch64-darwin": {
          "outputs": [
            {
              "name": "out",
              "path": "/nix/store/ig6c5qlywzk9f4zwf4hdpnyyx91vyqyc-nodejs-22.3.0",
              "default": true
            },
            {
              "name": "libv8",
              "path": "/nix/store/zg4vwp25r1v52vm2mxd6v64c1gr3jbj9-nodejs-22.3.0-libv8"
            }
          ],
          "store_path": "/nix/store/ig6c5qlywzk9f4zwf4hdpnyyx91vyqyc-nodejs-22.3.0"
        },
        "aarch64-linux": {
          "outputs": [
            {
              "name": "out",
              "path": "/nix/store/j2pwm80va47mfz7r5w1640rm6b9sp269-nodejs-22.3.0",
              "default": true
            },
            {
              "name": "libv8",
              "path": "/nix/store/j2lx401mqs3w7swg713irnnsfn88f8sx-nodejs-22.3.0-libv8"
            }
          ],
          "store_path": "/nix/store/j2pwm80va47mfz7r5w1640rm6b9sp269-nodejs-22.3.0"
        },
        "x86_64-darwin": {
          "outputs": [
            {
              "name": "out",
              "path": "/nix/store/3cqbw1xcmc0xml8s3ys7jviaxvqyjldy-nodejs-22.3.0",
              "default": true
            },
            {
              "name": "libv8",
              "path": "/nix/store/zk7izr97gl525arvyi4mfwxnhx5wl7hx-nodejs-22.3.0-libv8"
            }
          ],
          "store_path": "/nix/store/3cqbw1xcmc0xml8s3ys7jviaxvqyjldy-nodejs-22.3.0"
        },
        "x86_64-linux": {
          "outputs": [
            {
              "name": "out",
              "path": "/nix/store/zklzfb51mxs8pqdpwh6h51jkir50hq54-nodejs-22.3.0",
              "default": true
            },
            {
              "name": "libv8",
              "path": "/nix/store/5dmd41abvjrw0chbz9m2yk27h61vpva9-nodejs-22.3.0-libv8"
            }
          ],
          "store_path": "/nix/store/zklzfb51mxs8pqdpwh6h51jkir50hq54-nodejs-22.3.0"
        }
      }
    },
    "php83Extensions.apcu@latest": {
      "last_modified": "2024-06-12T20:55:33Z",
      "resolved": "github:NixOS/nixpkgs/a9858885e197f984d92d7fe64e9fff6b2e488d40#php83Extensions.apcu",
      "source": "devbox-search",
      "version": "5.1.23",
      "systems": {
        "aarch64-darwin": {
          "outputs": [
            {
              "name": "out",
              "path": "/nix/store/yq8dsj9l3p85hb8kf7qkz95p2myh325w-php-apcu-5.1.23",
              "default": true
            },
            {
              "name": "dev",
              "path": "/nix/store/xgks4srpyjhff02mr5vpz4j7rw41bm5z-php-apcu-5.1.23-dev"
            }
          ],
          "store_path": "/nix/store/yq8dsj9l3p85hb8kf7qkz95p2myh325w-php-apcu-5.1.23"
        },
        "aarch64-linux": {
          "outputs": [
            {
              "name": "out",
              "path": "/nix/store/s3adwx2phirwfx135hz6pprpnj4xh97r-php-apcu-5.1.23",
              "default": true
            },
            {
              "name": "dev",
              "path": "/nix/store/iiyxhlj43rarwprn6j6fl8a21hxhw188-php-apcu-5.1.23-dev"
            }
          ],
          "store_path": "/nix/store/s3adwx2phirwfx135hz6pprpnj4xh97r-php-apcu-5.1.23"
        },
        "x86_64-darwin": {
          "outputs": [
            {
              "name": "out",
              "path": "/nix/store/slx66f2xcwpk79z8lhi4w93whzvwr30k-php-apcu-5.1.23",
              "default": true
            },
            {
              "name": "dev",
              "path": "/nix/store/0b3snz1whfa8hbh94bbhif7xyskhpmnf-php-apcu-5.1.23-dev"
            }
          ],
          "store_path": "/nix/store/slx66f2xcwpk79z8lhi4w93whzvwr30k-php-apcu-5.1.23"
        },
        "x86_64-linux": {
          "outputs": [
            {
              "name": "out",
              "path": "/nix/store/11fwdfvdrpp3yczhzf6hrr6vbq59j7zl-php-apcu-5.1.23",
              "default": true
            },
            {
              "name": "dev",
              "path": "/nix/store/g57my2v0mr3bndd7lbzix4kh0zp5wdlk-php-apcu-5.1.23-dev"
            }
          ],
          "store_path": "/nix/store/11fwdfvdrpp3yczhzf6hrr6vbq59j7zl-php-apcu-5.1.23"
        }
      }
    },
    "php83Packages.composer@latest": {
      "last_modified": "2024-06-12T20:55:33Z",
      "resolved": "github:NixOS/nixpkgs/a9858885e197f984d92d7fe64e9fff6b2e488d40#php83Packages.composer",
      "source": "devbox-search",
      "version": "2.7.7",
      "systems": {
        "aarch64-darwin": {
          "outputs": [
            {
              "name": "out",
              "path": "/nix/store/5q5zylcpvswm7kdkivr8mjm5pyan4rnf-composer-2.7.7",
              "default": true
            }
          ],
          "store_path": "/nix/store/5q5zylcpvswm7kdkivr8mjm5pyan4rnf-composer-2.7.7"
        },
        "aarch64-linux": {
          "outputs": [
            {
              "name": "out",
              "path": "/nix/store/ddvnqwis9cg51nk4i08m71ydilwfp0ac-composer-2.7.7",
              "default": true
            }
          ],
          "store_path": "/nix/store/ddvnqwis9cg51nk4i08m71ydilwfp0ac-composer-2.7.7"
        },
        "x86_64-darwin": {
          "outputs": [
            {
              "name": "out",
              "path": "/nix/store/rm9r9dvmlz04805gpjkch960rjf898vl-composer-2.7.7",
              "default": true
            }
          ],
          "store_path": "/nix/store/rm9r9dvmlz04805gpjkch960rjf898vl-composer-2.7.7"
        },
        "x86_64-linux": {
          "outputs": [
            {
              "name": "out",
              "path": "/nix/store/jav7wjvlkwcjpfprsr4jvxxgyx3ssjnh-composer-2.7.7",
              "default": true
            }
          ],
          "store_path": "/nix/store/jav7wjvlkwcjpfprsr4jvxxgyx3ssjnh-composer-2.7.7"
        }
      }
    },
    "php@8.3": {
      "last_modified": "2024-04-19T17:36:04-04:00",
      "plugin_version": "0.0.3",
      "resolved": "github:NixOS/nixpkgs/92d295f588631b0db2da509f381b4fb1e74173c5#php83",
      "source": "devbox-search",
      "version": "8.3.6",
      "systems": {
        "aarch64-darwin": {
          "outputs": [
            {
              "name": "out",
              "path": "/nix/store/yw9a99kwg6md4z3nk2nmazfrhwfj8rn7-php-with-extensions-8.3.6",
              "default": true
            }
          ],
          "store_path": "/nix/store/yw9a99kwg6md4z3nk2nmazfrhwfj8rn7-php-with-extensions-8.3.6"
        },
        "aarch64-linux": {
          "outputs": [
            {
              "name": "out",
              "path": "/nix/store/szp4mpdp0srsb7hvzwhgk9knwpp5p8gs-php-with-extensions-8.3.6",
              "default": true
            }
          ],
          "store_path": "/nix/store/szp4mpdp0srsb7hvzwhgk9knwpp5p8gs-php-with-extensions-8.3.6"
        },
        "x86_64-darwin": {
          "outputs": [
            {
              "name": "out",
              "path": "/nix/store/sc7w2j7jc7zf5jbw8syckzc5vpxhhdvc-php-with-extensions-8.3.6",
              "default": true
            }
          ],
          "store_path": "/nix/store/sc7w2j7jc7zf5jbw8syckzc5vpxhhdvc-php-with-extensions-8.3.6"
        },
        "x86_64-linux": {
          "outputs": [
            {
              "name": "out",
              "path": "/nix/store/5c8cmm95kys4333cca7jm01iv8na082s-php-with-extensions-8.3.6",
              "default": true
            }
          ],
          "store_path": "/nix/store/5c8cmm95kys4333cca7jm01iv8na082s-php-with-extensions-8.3.6"
        }
      }
    },
    "postgresql@latest": {
      "last_modified": "2024-06-18T20:33:49Z",
      "plugin_version": "0.0.2",
      "resolved": "github:NixOS/nixpkgs/37a45fb6993f14555f50b18fbcf4945b82a35707#postgresql",
      "source": "devbox-search",
      "version": "15.7",
      "systems": {
        "aarch64-darwin": {
          "outputs": [
            {
              "name": "out",
              "path": "/nix/store/mq97pj52hqzjq7hhlqlcw8csc13zq4sf-postgresql-15.7",
              "default": true
            },
            {
              "name": "man",
              "path": "/nix/store/dn2j72b9zzx9xiap494ymdy07qmd80ms-postgresql-15.7-man",
              "default": true
            },
            {
              "name": "doc",
              "path": "/nix/store/z1p0mdxywa481n7zby6axn4qnwizp3mp-postgresql-15.7-doc"
            },
            {
              "name": "lib",
              "path": "/nix/store/kw5r2ns1g2dhc2a284f443al5c2bxmhq-postgresql-15.7-lib"
            }
          ],
          "store_path": "/nix/store/mq97pj52hqzjq7hhlqlcw8csc13zq4sf-postgresql-15.7"
        },
        "aarch64-linux": {
          "outputs": [
            {
              "name": "out",
              "path": "/nix/store/if3jglx02jl6pndzlnmj01z5qimj68rf-postgresql-15.7",
              "default": true
            },
            {
              "name": "man",
              "path": "/nix/store/3a7wa3c3063scc99wp8b658sal65zfj5-postgresql-15.7-man",
              "default": true
            },
            {
              "name": "lib",
              "path": "/nix/store/kqkmksnwa0nq9hgfrl6zfjvnlld1dphb-postgresql-15.7-lib"
            },
            {
              "name": "debug",
              "path": "/nix/store/1r2nwaivz502z4ccviqayjr03ax8mgh2-postgresql-15.7-debug"
            },
            {
              "name": "doc",
              "path": "/nix/store/ydj29xsbv8y512rrpmk9dm4v9g5q3l3i-postgresql-15.7-doc"
            }
          ],
          "store_path": "/nix/store/if3jglx02jl6pndzlnmj01z5qimj68rf-postgresql-15.7"
        },
        "x86_64-darwin": {
          "outputs": [
            {
              "name": "out",
              "path": "/nix/store/hxvpx50n9885kacknjzl68z5kgjb0j1m-postgresql-15.7",
              "default": true
            },
            {
              "name": "man",
              "path": "/nix/store/01n7x5k6r25z9dsqpwch0dp2k8108yrr-postgresql-15.7-man",
              "default": true
            },
            {
              "name": "lib",
              "path": "/nix/store/fw0gl6kdyjjgfl897dlwch2f7056bn4k-postgresql-15.7-lib"
            },
            {
              "name": "doc",
              "path": "/nix/store/ziz1q10bqxwwpjq9lwjy2kqbys8aajfp-postgresql-15.7-doc"
            }
          ],
          "store_path": "/nix/store/hxvpx50n9885kacknjzl68z5kgjb0j1m-postgresql-15.7"
        },
        "x86_64-linux": {
          "outputs": [
            {
              "name": "out",
              "path": "/nix/store/w96w0h968yph4yq1zkk8frj6z64m551s-postgresql-15.7",
              "default": true
            },
            {
              "name": "man",
              "path": "/nix/store/iv86w5hrp64da15947d3vnd0b6msma1l-postgresql-15.7-man",
              "default": true
            },
            {
              "name": "debug",
              "path": "/nix/store/7v0al17bc05rqsgn9ispnvbxwhlvr479-postgresql-15.7-debug"
            },
            {
              "name": "doc",
              "path": "/nix/store/l6rqnqscmah399sgs4cav2k76gh6zx4l-postgresql-15.7-doc"
            },
            {
              "name": "lib",
              "path": "/nix/store/bacd5acy2cw3ywym2k2s2br2rr10al3w-postgresql-15.7-lib"
            }
          ],
          "store_path": "/nix/store/w96w0h968yph4yq1zkk8frj6z64m551s-postgresql-15.7"
        }
      }
    },
    "symfony-cli@latest": {
      "last_modified": "2024-06-16T13:15:37Z",
      "resolved": "github:NixOS/nixpkgs/683aa7c4e385509ca651d49eeb35e58c7a1baad6#symfony-cli",
      "source": "devbox-search",
      "version": "5.9.1",
      "systems": {
        "aarch64-darwin": {
          "outputs": [
            {
              "name": "out",
              "path": "/nix/store/16ix3f6v3ahbalqzzgmzv76y1nwmwlig-symfony-cli-5.9.1",
              "default": true
            }
          ],
          "store_path": "/nix/store/16ix3f6v3ahbalqzzgmzv76y1nwmwlig-symfony-cli-5.9.1"
        },
        "aarch64-linux": {
          "outputs": [
            {
              "name": "out",
              "path": "/nix/store/72byv85ziikxwjyjs7ddsj4j38m9gmf1-symfony-cli-5.9.1",
              "default": true
            }
          ],
          "store_path": "/nix/store/72byv85ziikxwjyjs7ddsj4j38m9gmf1-symfony-cli-5.9.1"
        },
        "x86_64-darwin": {
          "outputs": [
            {
              "name": "out",
              "path": "/nix/store/y4yg6k7nqaqzkinvg9a35gvfw38r000a-symfony-cli-5.9.1",
              "default": true
            }
          ],
          "store_path": "/nix/store/y4yg6k7nqaqzkinvg9a35gvfw38r000a-symfony-cli-5.9.1"
        },
        "x86_64-linux": {
          "outputs": [
            {
              "name": "out",
              "path": "/nix/store/68vljvymyycshml7g7lxqbx9bay9iscq-symfony-cli-5.9.1",
              "default": true
            }
          ],
          "store_path": "/nix/store/68vljvymyycshml7g7lxqbx9bay9iscq-symfony-cli-5.9.1"
        }
      }
    }
  }
}
