{
  "lockfile_version": "1",
  "packages": {
    "nodejs@latest": {
      "last_modified": "2024-04-25T03:38:28-04:00",
      "plugin_version": "0.0.2",
      "resolved": "github:NixOS/nixpkgs/b0d52b31f7f4d80f8bf38f0253652125579c35ff#nodejs_22",
      "source": "devbox-search",
      "version": "22.0.0",
      "systems": {
        "aarch64-darwin": {
          "outputs": [
            {
              "name": "out",
              "path": "/nix/store/972dscdvkqhr81j2w1c74vlx2y4kfyzh-nodejs-22.0.0",
              "default": true
            },
            {
              "name": "libv8",
              "path": "/nix/store/z5fns5qrp1s53kys1v0bxfz2lk407773-nodejs-22.0.0-libv8"
            }
          ],
          "store_path": "/nix/store/972dscdvkqhr81j2w1c74vlx2y4kfyzh-nodejs-22.0.0"
        },
        "aarch64-linux": {
          "outputs": [
            {
              "name": "out",
              "path": "/nix/store/6336bf8rx068rls9hw5q88bncc1baqgb-nodejs-22.0.0",
              "default": true
            },
            {
              "name": "libv8",
              "path": "/nix/store/ngvfmgm9bip87amcc522yb671a2zkpwd-nodejs-22.0.0-libv8"
            }
          ],
          "store_path": "/nix/store/6336bf8rx068rls9hw5q88bncc1baqgb-nodejs-22.0.0"
        },
        "x86_64-darwin": {
          "outputs": [
            {
              "name": "out",
              "path": "/nix/store/3776rlwv2q8fvgh6lhi44v0gxck1hkqx-nodejs-22.0.0",
              "default": true
            },
            {
              "name": "libv8",
              "path": "/nix/store/3vhll9yxmcabk6lv6yz14ixixpim5j4a-nodejs-22.0.0-libv8"
            }
          ],
          "store_path": "/nix/store/3776rlwv2q8fvgh6lhi44v0gxck1hkqx-nodejs-22.0.0"
        },
        "x86_64-linux": {
          "outputs": [
            {
              "name": "out",
              "path": "/nix/store/nx76dx71yjni4bajdn9pshxqs38lkj29-nodejs-22.0.0",
              "default": true
            },
            {
              "name": "libv8",
              "path": "/nix/store/xakj3aq9bzxyvanpy6yfqg1ghmjjnkri-nodejs-22.0.0-libv8"
            }
          ],
          "store_path": "/nix/store/nx76dx71yjni4bajdn9pshxqs38lkj29-nodejs-22.0.0"
        }
      }
    },
    "php83Extensions.apcu@latest": {
      "last_modified": "2024-04-19T21:36:04Z",
      "resolved": "github:NixOS/nixpkgs/92d295f588631b0db2da509f381b4fb1e74173c5#php83Extensions.apcu",
      "source": "devbox-search",
      "version": "5.1.23",
      "systems": {
        "aarch64-darwin": {
          "outputs": [
            {
              "name": "out",
              "path": "/nix/store/m8m3nh14i43h2in0y9aim6izcwqi1v5x-php-apcu-5.1.23",
              "default": true
            },
            {
              "name": "dev",
              "path": "/nix/store/vlpjxvlsqjcxcph0iijddhwy2bjlwlvy-php-apcu-5.1.23-dev"
            }
          ],
          "store_path": "/nix/store/m8m3nh14i43h2in0y9aim6izcwqi1v5x-php-apcu-5.1.23"
        },
        "aarch64-linux": {
          "outputs": [
            {
              "name": "out",
              "path": "/nix/store/sjvdi2xwjg0pwr06kr7vx1k4sd9gwap4-php-apcu-5.1.23",
              "default": true
            },
            {
              "name": "dev",
              "path": "/nix/store/1fi602fxpgpbbvp7qs39f60bbr6b9qg2-php-apcu-5.1.23-dev"
            }
          ],
          "store_path": "/nix/store/sjvdi2xwjg0pwr06kr7vx1k4sd9gwap4-php-apcu-5.1.23"
        },
        "x86_64-darwin": {
          "outputs": [
            {
              "name": "out",
              "path": "/nix/store/476qwpv2ngq3ppmkr1mzfazjms49gyyj-php-apcu-5.1.23",
              "default": true
            },
            {
              "name": "dev",
              "path": "/nix/store/cdcv6sn4z0xcdp4s4bl8f0lsz784sxw3-php-apcu-5.1.23-dev"
            }
          ],
          "store_path": "/nix/store/476qwpv2ngq3ppmkr1mzfazjms49gyyj-php-apcu-5.1.23"
        },
        "x86_64-linux": {
          "outputs": [
            {
              "name": "out",
              "path": "/nix/store/436ffx1h2gqij2j63iad4iqsib7bhdgp-php-apcu-5.1.23",
              "default": true
            },
            {
              "name": "dev",
              "path": "/nix/store/a4m2c0cgz2wdz730mbv0szbwraqapsrx-php-apcu-5.1.23-dev"
            }
          ],
          "store_path": "/nix/store/436ffx1h2gqij2j63iad4iqsib7bhdgp-php-apcu-5.1.23"
        }
      }
    },
    "php83Packages.composer@latest": {
      "last_modified": "2024-04-21T04:20:59-04:00",
      "resolved": "github:NixOS/nixpkgs/f2d7a289c5a5ece8521dd082b81ac7e4a57c2c5c#php83Packages.composer",
      "source": "devbox-search",
      "version": "2.7.3",
      "systems": {
        "aarch64-darwin": {
          "outputs": [
            {
              "name": "out",
              "path": "/nix/store/zyrq3vcalqqrjr24yxpaisq93dr43scd-composer-2.7.3",
              "default": true
            }
          ],
          "store_path": "/nix/store/zyrq3vcalqqrjr24yxpaisq93dr43scd-composer-2.7.3"
        },
        "aarch64-linux": {
          "outputs": [
            {
              "name": "out",
              "path": "/nix/store/0zhz2b8s4w40r9fm4x3vy266vng5x1zf-composer-2.7.3",
              "default": true
            }
          ],
          "store_path": "/nix/store/0zhz2b8s4w40r9fm4x3vy266vng5x1zf-composer-2.7.3"
        },
        "x86_64-darwin": {
          "outputs": [
            {
              "name": "out",
              "path": "/nix/store/b0bxyn7jjzps46s566k5lha7mqz02mjl-composer-2.7.3",
              "default": true
            }
          ],
          "store_path": "/nix/store/b0bxyn7jjzps46s566k5lha7mqz02mjl-composer-2.7.3"
        },
        "x86_64-linux": {
          "outputs": [
            {
              "name": "out",
              "path": "/nix/store/s6jdgw78wdw6bmgwgchqksir9q02gjzi-composer-2.7.3",
              "default": true
            }
          ],
          "store_path": "/nix/store/s6jdgw78wdw6bmgwgchqksir9q02gjzi-composer-2.7.3"
        }
      }
    },
    "php@8.3": {
      "last_modified": "2024-04-19T17:36:04-04:00",
      "plugin_version": "0.0.3",
      "resolved": "github:NixOS/nixpkgs/92d295f588631b0db2da509f381b4fb1e74173c5#php83",
      "source": "devbox-search",
      "version": "8.3.6",
      "systems": {
        "aarch64-darwin": {
          "outputs": [
            {
              "name": "out",
              "path": "/nix/store/yw9a99kwg6md4z3nk2nmazfrhwfj8rn7-php-with-extensions-8.3.6",
              "default": true
            }
          ],
          "store_path": "/nix/store/yw9a99kwg6md4z3nk2nmazfrhwfj8rn7-php-with-extensions-8.3.6"
        },
        "aarch64-linux": {
          "outputs": [
            {
              "name": "out",
              "path": "/nix/store/szp4mpdp0srsb7hvzwhgk9knwpp5p8gs-php-with-extensions-8.3.6",
              "default": true
            }
          ],
          "store_path": "/nix/store/szp4mpdp0srsb7hvzwhgk9knwpp5p8gs-php-with-extensions-8.3.6"
        },
        "x86_64-darwin": {
          "outputs": [
            {
              "name": "out",
              "path": "/nix/store/sc7w2j7jc7zf5jbw8syckzc5vpxhhdvc-php-with-extensions-8.3.6",
              "default": true
            }
          ],
          "store_path": "/nix/store/sc7w2j7jc7zf5jbw8syckzc5vpxhhdvc-php-with-extensions-8.3.6"
        },
        "x86_64-linux": {
          "outputs": [
            {
              "name": "out",
              "path": "/nix/store/5c8cmm95kys4333cca7jm01iv8na082s-php-with-extensions-8.3.6",
              "default": true
            }
          ],
          "store_path": "/nix/store/5c8cmm95kys4333cca7jm01iv8na082s-php-with-extensions-8.3.6"
        }
      }
    },
    "postgresql@latest": {
      "last_modified": "2024-06-09T00:38:05Z",
      "plugin_version": "0.0.2",
      "resolved": "github:NixOS/nixpkgs/3bcedce9f4de37570242faf16e1e143583407eab#postgresql",
      "source": "devbox-search",
      "version": "15.7",
      "systems": {
        "aarch64-darwin": {
          "outputs": [
            {
              "name": "out",
              "path": "/nix/store/m29niq99rcvrm320ry4mwmcwppqxx00r-postgresql-15.7",
              "default": true
            },
            {
              "name": "man",
              "path": "/nix/store/rgc065pnwami7m7l88md33mg7y25rbx9-postgresql-15.7-man",
              "default": true
            },
            {
              "name": "doc",
              "path": "/nix/store/yngqpn9iw1piif3wz3yvd3faw03r6jlg-postgresql-15.7-doc"
            },
            {
              "name": "lib",
              "path": "/nix/store/kcmpv21v5w40lbcmiw9yr6yns16djavy-postgresql-15.7-lib"
            }
          ],
          "store_path": "/nix/store/m29niq99rcvrm320ry4mwmcwppqxx00r-postgresql-15.7"
        },
        "aarch64-linux": {
          "outputs": [
            {
              "name": "out",
              "path": "/nix/store/dak013fyb7q7a5zp4k8f8id2icd1nb4j-postgresql-15.7",
              "default": true
            },
            {
              "name": "man",
              "path": "/nix/store/307zkn7b2pqfr7fbvrw48r8acdi490by-postgresql-15.7-man",
              "default": true
            },
            {
              "name": "debug",
              "path": "/nix/store/7zb7d8akwd3g88004v7rvl86b5r5j890-postgresql-15.7-debug"
            },
            {
              "name": "doc",
              "path": "/nix/store/wdf2nkg1h9z01yl9wyi9mhyg9fg2ynq2-postgresql-15.7-doc"
            },
            {
              "name": "lib",
              "path": "/nix/store/n44yy72rl2p55siz4h2f6csi6n5ki76a-postgresql-15.7-lib"
            }
          ],
          "store_path": "/nix/store/dak013fyb7q7a5zp4k8f8id2icd1nb4j-postgresql-15.7"
        },
        "x86_64-darwin": {
          "outputs": [
            {
              "name": "out",
              "path": "/nix/store/ds495dsz1k14yyzmph7pxf37xjiqhnpk-postgresql-15.7",
              "default": true
            },
            {
              "name": "man",
              "path": "/nix/store/fw4snkvhwysx7vf3y92v9hqv8xwr54ja-postgresql-15.7-man",
              "default": true
            },
            {
              "name": "doc",
              "path": "/nix/store/crrsp69hb9nwfn6qs30wddgm2lxa9l7n-postgresql-15.7-doc"
            },
            {
              "name": "lib",
              "path": "/nix/store/z6wvd87iajac13vhdm1c0b4855aphzwy-postgresql-15.7-lib"
            }
          ],
          "store_path": "/nix/store/ds495dsz1k14yyzmph7pxf37xjiqhnpk-postgresql-15.7"
        },
        "x86_64-linux": {
          "outputs": [
            {
              "name": "out",
              "path": "/nix/store/07s64wxjzk6z1glwxvl3yq81vdn42k40-postgresql-15.7",
              "default": true
            },
            {
              "name": "man",
              "path": "/nix/store/y2i038ql442nn3iqhx4lxsala5fkqpf4-postgresql-15.7-man",
              "default": true
            },
            {
              "name": "lib",
              "path": "/nix/store/xb4h083j02mr2ix7pgj7iawxh2hk100l-postgresql-15.7-lib"
            },
            {
              "name": "debug",
              "path": "/nix/store/0wyfjxk51chyzvvzv06aklxdcgdi0256-postgresql-15.7-debug"
            },
            {
              "name": "doc",
              "path": "/nix/store/aydd0lh52si89mxm9rz5xzv3zs6gx8bl-postgresql-15.7-doc"
            }
          ],
          "store_path": "/nix/store/07s64wxjzk6z1glwxvl3yq81vdn42k40-postgresql-15.7"
        }
      }
    },
    "symfony-cli@latest": {
      "last_modified": "2024-04-19T17:36:04-04:00",
      "resolved": "github:NixOS/nixpkgs/92d295f588631b0db2da509f381b4fb1e74173c5#symfony-cli",
      "source": "devbox-search",
      "version": "5.8.15",
      "systems": {
        "aarch64-darwin": {
          "outputs": [
            {
              "name": "out",
              "path": "/nix/store/a4cfdkx0jiy3giywg3gaip8lwmn8g6b9-symfony-cli-5.8.15",
              "default": true
            }
          ],
          "store_path": "/nix/store/a4cfdkx0jiy3giywg3gaip8lwmn8g6b9-symfony-cli-5.8.15"
        },
        "aarch64-linux": {
          "outputs": [
            {
              "name": "out",
              "path": "/nix/store/19mzq0aaldk8i0qdswkxnlv21n742grd-symfony-cli-5.8.15",
              "default": true
            }
          ],
          "store_path": "/nix/store/19mzq0aaldk8i0qdswkxnlv21n742grd-symfony-cli-5.8.15"
        },
        "x86_64-darwin": {
          "outputs": [
            {
              "name": "out",
              "path": "/nix/store/fyx8w6fkj0mjgnwii6kanc5wjkhjcnk8-symfony-cli-5.8.15",
              "default": true
            }
          ],
          "store_path": "/nix/store/fyx8w6fkj0mjgnwii6kanc5wjkhjcnk8-symfony-cli-5.8.15"
        },
        "x86_64-linux": {
          "outputs": [
            {
              "name": "out",
              "path": "/nix/store/v7zgra1hmz0rvl6h7w74v96vs54znmfr-symfony-cli-5.8.15",
              "default": true
            }
          ],
          "store_path": "/nix/store/v7zgra1hmz0rvl6h7w74v96vs54znmfr-symfony-cli-5.8.15"
        }
      }
    }
  }
}
